// !$*UTF8*$!
{
	archiveVersion = 1;
	classes = {
	};
	objectVersion = 52;
	objects = {

/* Begin PBXBuildFile section */
		4C9EE2A82714888A00741E50 /* SearchAPI.swift in Sources */ = {isa = PBXBuildFile; fileRef = 4C9EE2A72714888A00741E50 /* SearchAPI.swift */; };
		4C9EE2AB271567EE00741E50 /* Kingfisher in Frameworks */ = {isa = PBXBuildFile; productRef = 4C9EE2AA271567EE00741E50 /* Kingfisher */; };
		4CCE2B6D270C7363008F3D41 /* AppDelegate.swift in Sources */ = {isa = PBXBuildFile; fileRef = 4CCE2B6C270C7363008F3D41 /* AppDelegate.swift */; };
		4CCE2B6F270C7363008F3D41 /* SceneDelegate.swift in Sources */ = {isa = PBXBuildFile; fileRef = 4CCE2B6E270C7363008F3D41 /* SceneDelegate.swift */; };
		4CCE2B71270C7363008F3D41 /* HomeViewController.swift in Sources */ = {isa = PBXBuildFile; fileRef = 4CCE2B70270C7363008F3D41 /* HomeViewController.swift */; };
		4CCE2B74270C7363008F3D41 /* Main.storyboard in Resources */ = {isa = PBXBuildFile; fileRef = 4CCE2B72270C7363008F3D41 /* Main.storyboard */; };
		4CCE2B77270C7363008F3D41 /* CustomNetflix.xcdatamodeld in Sources */ = {isa = PBXBuildFile; fileRef = 4CCE2B75270C7363008F3D41 /* CustomNetflix.xcdatamodeld */; };
		4CCE2B79270C7364008F3D41 /* Assets.xcassets in Resources */ = {isa = PBXBuildFile; fileRef = 4CCE2B78270C7364008F3D41 /* Assets.xcassets */; };
		4CCE2B7C270C7364008F3D41 /* LaunchScreen.storyboard in Resources */ = {isa = PBXBuildFile; fileRef = 4CCE2B7A270C7364008F3D41 /* LaunchScreen.storyboard */; };
		4CCE2B87270C7364008F3D41 /* CustomNetflixTests.swift in Sources */ = {isa = PBXBuildFile; fileRef = 4CCE2B86270C7364008F3D41 /* CustomNetflixTests.swift */; };
		4CCE2B92270C7364008F3D41 /* CustomNetflixUITests.swift in Sources */ = {isa = PBXBuildFile; fileRef = 4CCE2B91270C7364008F3D41 /* CustomNetflixUITests.swift */; };
		4CED6C89270CAED50067E626 /* SearchViewController.swift in Sources */ = {isa = PBXBuildFile; fileRef = 4CED6C88270CAED50067E626 /* SearchViewController.swift */; };
/* End PBXBuildFile section */

/* Begin PBXContainerItemProxy section */
		4CCE2B83270C7364008F3D41 /* PBXContainerItemProxy */ = {
			isa = PBXContainerItemProxy;
			containerPortal = 4CCE2B61270C7363008F3D41 /* Project object */;
			proxyType = 1;
			remoteGlobalIDString = 4CCE2B68270C7363008F3D41;
			remoteInfo = CustomNetflix;
		};
		4CCE2B8E270C7364008F3D41 /* PBXContainerItemProxy */ = {
			isa = PBXContainerItemProxy;
			containerPortal = 4CCE2B61270C7363008F3D41 /* Project object */;
			proxyType = 1;
			remoteGlobalIDString = 4CCE2B68270C7363008F3D41;
			remoteInfo = CustomNetflix;
		};
/* End PBXContainerItemProxy section */

/* Begin PBXFileReference section */
		4C9EE2A72714888A00741E50 /* SearchAPI.swift */ = {isa = PBXFileReference; lastKnownFileType = sourcecode.swift; path = SearchAPI.swift; sourceTree = "<group>"; };
		4CCE2B69270C7363008F3D41 /* CustomNetflix.app */ = {isa = PBXFileReference; explicitFileType = wrapper.application; includeInIndex = 0; path = CustomNetflix.app; sourceTree = BUILT_PRODUCTS_DIR; };
		4CCE2B6C270C7363008F3D41 /* AppDelegate.swift */ = {isa = PBXFileReference; lastKnownFileType = sourcecode.swift; path = AppDelegate.swift; sourceTree = "<group>"; };
		4CCE2B6E270C7363008F3D41 /* SceneDelegate.swift */ = {isa = PBXFileReference; lastKnownFileType = sourcecode.swift; path = SceneDelegate.swift; sourceTree = "<group>"; };
		4CCE2B70270C7363008F3D41 /* HomeViewController.swift */ = {isa = PBXFileReference; lastKnownFileType = sourcecode.swift; path = HomeViewController.swift; sourceTree = "<group>"; };
		4CCE2B73270C7363008F3D41 /* Base */ = {isa = PBXFileReference; lastKnownFileType = file.storyboard; name = Base; path = Base.lproj/Main.storyboard; sourceTree = "<group>"; };
		4CCE2B76270C7363008F3D41 /* CustomNetflix.xcdatamodel */ = {isa = PBXFileReference; lastKnownFileType = wrapper.xcdatamodel; path = CustomNetflix.xcdatamodel; sourceTree = "<group>"; };
		4CCE2B78270C7364008F3D41 /* Assets.xcassets */ = {isa = PBXFileReference; lastKnownFileType = folder.assetcatalog; path = Assets.xcassets; sourceTree = "<group>"; };
		4CCE2B7B270C7364008F3D41 /* Base */ = {isa = PBXFileReference; lastKnownFileType = file.storyboard; name = Base; path = Base.lproj/LaunchScreen.storyboard; sourceTree = "<group>"; };
		4CCE2B7D270C7364008F3D41 /* Info.plist */ = {isa = PBXFileReference; lastKnownFileType = text.plist.xml; path = Info.plist; sourceTree = "<group>"; };
		4CCE2B82270C7364008F3D41 /* CustomNetflixTests.xctest */ = {isa = PBXFileReference; explicitFileType = wrapper.cfbundle; includeInIndex = 0; path = CustomNetflixTests.xctest; sourceTree = BUILT_PRODUCTS_DIR; };
		4CCE2B86270C7364008F3D41 /* CustomNetflixTests.swift */ = {isa = PBXFileReference; lastKnownFileType = sourcecode.swift; path = CustomNetflixTests.swift; sourceTree = "<group>"; };
		4CCE2B88270C7364008F3D41 /* Info.plist */ = {isa = PBXFileReference; lastKnownFileType = text.plist.xml; path = Info.plist; sourceTree = "<group>"; };
		4CCE2B8D270C7364008F3D41 /* CustomNetflixUITests.xctest */ = {isa = PBXFileReference; explicitFileType = wrapper.cfbundle; includeInIndex = 0; path = CustomNetflixUITests.xctest; sourceTree = BUILT_PRODUCTS_DIR; };
		4CCE2B91270C7364008F3D41 /* CustomNetflixUITests.swift */ = {isa = PBXFileReference; lastKnownFileType = sourcecode.swift; path = CustomNetflixUITests.swift; sourceTree = "<group>"; };
		4CCE2B93270C7364008F3D41 /* Info.plist */ = {isa = PBXFileReference; lastKnownFileType = text.plist.xml; path = Info.plist; sourceTree = "<group>"; };
		4CED6C88270CAED50067E626 /* SearchViewController.swift */ = {isa = PBXFileReference; lastKnownFileType = sourcecode.swift; path = SearchViewController.swift; sourceTree = "<group>"; };
/* End PBXFileReference section */

/* Begin PBXFrameworksBuildPhase section */
		4CCE2B66270C7363008F3D41 /* Frameworks */ = {
			isa = PBXFrameworksBuildPhase;
			buildActionMask = 2147483647;
			files = (
				4C9EE2AB271567EE00741E50 /* Kingfisher in Frameworks */,
			);
			runOnlyForDeploymentPostprocessing = 0;
		};
		4CCE2B7F270C7364008F3D41 /* Frameworks */ = {
			isa = PBXFrameworksBuildPhase;
			buildActionMask = 2147483647;
			files = (
			);
			runOnlyForDeploymentPostprocessing = 0;
		};
		4CCE2B8A270C7364008F3D41 /* Frameworks */ = {
			isa = PBXFrameworksBuildPhase;
			buildActionMask = 2147483647;
			files = (
			);
			runOnlyForDeploymentPostprocessing = 0;
		};
/* End PBXFrameworksBuildPhase section */

/* Begin PBXGroup section */
		4CCE2B60270C7363008F3D41 = {
			isa = PBXGroup;
			children = (
				4CCE2B6B270C7363008F3D41 /* CustomNetflix */,
				4CCE2B85270C7364008F3D41 /* CustomNetflixTests */,
				4CCE2B90270C7364008F3D41 /* CustomNetflixUITests */,
				4CCE2B6A270C7363008F3D41 /* Products */,
			);
			sourceTree = "<group>";
		};
		4CCE2B6A270C7363008F3D41 /* Products */ = {
			isa = PBXGroup;
			children = (
				4CCE2B69270C7363008F3D41 /* CustomNetflix.app */,
				4CCE2B82270C7364008F3D41 /* CustomNetflixTests.xctest */,
				4CCE2B8D270C7364008F3D41 /* CustomNetflixUITests.xctest */,
			);
			name = Products;
			sourceTree = "<group>";
		};
		4CCE2B6B270C7363008F3D41 /* CustomNetflix */ = {
			isa = PBXGroup;
			children = (
				4CCE2B6C270C7363008F3D41 /* AppDelegate.swift */,
				4CCE2B6E270C7363008F3D41 /* SceneDelegate.swift */,
				4CED6C88270CAED50067E626 /* SearchViewController.swift */,
				4CCE2B70270C7363008F3D41 /* HomeViewController.swift */,
				4CCE2B72270C7363008F3D41 /* Main.storyboard */,
				4CCE2B78270C7364008F3D41 /* Assets.xcassets */,
				4CCE2B7A270C7364008F3D41 /* LaunchScreen.storyboard */,
				4CCE2B7D270C7364008F3D41 /* Info.plist */,
				4CCE2B75270C7363008F3D41 /* CustomNetflix.xcdatamodeld */,
				4C9EE2A72714888A00741E50 /* SearchAPI.swift */,
			);
			path = CustomNetflix;
			sourceTree = "<group>";
		};
		4CCE2B85270C7364008F3D41 /* CustomNetflixTests */ = {
			isa = PBXGroup;
			children = (
				4CCE2B86270C7364008F3D41 /* CustomNetflixTests.swift */,
				4CCE2B88270C7364008F3D41 /* Info.plist */,
			);
			path = CustomNetflixTests;
			sourceTree = "<group>";
		};
		4CCE2B90270C7364008F3D41 /* CustomNetflixUITests */ = {
			isa = PBXGroup;
			children = (
				4CCE2B91270C7364008F3D41 /* CustomNetflixUITests.swift */,
				4CCE2B93270C7364008F3D41 /* Info.plist */,
			);
			path = CustomNetflixUITests;
			sourceTree = "<group>";
		};
/* End PBXGroup section */

/* Begin PBXNativeTarget section */
		4CCE2B68270C7363008F3D41 /* CustomNetflix */ = {
			isa = PBXNativeTarget;
			buildConfigurationList = 4CCE2B96270C7364008F3D41 /* Build configuration list for PBXNativeTarget "CustomNetflix" */;
			buildPhases = (
				4CCE2B65270C7363008F3D41 /* Sources */,
				4CCE2B66270C7363008F3D41 /* Frameworks */,
				4CCE2B67270C7363008F3D41 /* Resources */,
			);
			buildRules = (
			);
			dependencies = (
			);
			name = CustomNetflix;
			packageProductDependencies = (
				4C9EE2AA271567EE00741E50 /* Kingfisher */,
			);
			productName = CustomNetflix;
			productReference = 4CCE2B69270C7363008F3D41 /* CustomNetflix.app */;
			productType = "com.apple.product-type.application";
		};
		4CCE2B81270C7364008F3D41 /* CustomNetflixTests */ = {
			isa = PBXNativeTarget;
			buildConfigurationList = 4CCE2B99270C7364008F3D41 /* Build configuration list for PBXNativeTarget "CustomNetflixTests" */;
			buildPhases = (
				4CCE2B7E270C7364008F3D41 /* Sources */,
				4CCE2B7F270C7364008F3D41 /* Frameworks */,
				4CCE2B80270C7364008F3D41 /* Resources */,
			);
			buildRules = (
			);
			dependencies = (
				4CCE2B84270C7364008F3D41 /* PBXTargetDependency */,
			);
			name = CustomNetflixTests;
			productName = CustomNetflixTests;
			productReference = 4CCE2B82270C7364008F3D41 /* CustomNetflixTests.xctest */;
			productType = "com.apple.product-type.bundle.unit-test";
		};
		4CCE2B8C270C7364008F3D41 /* CustomNetflixUITests */ = {
			isa = PBXNativeTarget;
			buildConfigurationList = 4CCE2B9C270C7364008F3D41 /* Build configuration list for PBXNativeTarget "CustomNetflixUITests" */;
			buildPhases = (
				4CCE2B89270C7364008F3D41 /* Sources */,
				4CCE2B8A270C7364008F3D41 /* Frameworks */,
				4CCE2B8B270C7364008F3D41 /* Resources */,
			);
			buildRules = (
			);
			dependencies = (
				4CCE2B8F270C7364008F3D41 /* PBXTargetDependency */,
			);
			name = CustomNetflixUITests;
			productName = CustomNetflixUITests;
			productReference = 4CCE2B8D270C7364008F3D41 /* CustomNetflixUITests.xctest */;
			productType = "com.apple.product-type.bundle.ui-testing";
		};
/* End PBXNativeTarget section */

/* Begin PBXProject section */
		4CCE2B61270C7363008F3D41 /* Project object */ = {
			isa = PBXProject;
			attributes = {
				LastSwiftUpdateCheck = 1250;
				LastUpgradeCheck = 1250;
				TargetAttributes = {
					4CCE2B68270C7363008F3D41 = {
						CreatedOnToolsVersion = 12.5;
					};
					4CCE2B81270C7364008F3D41 = {
						CreatedOnToolsVersion = 12.5;
						TestTargetID = 4CCE2B68270C7363008F3D41;
					};
					4CCE2B8C270C7364008F3D41 = {
						CreatedOnToolsVersion = 12.5;
						TestTargetID = 4CCE2B68270C7363008F3D41;
					};
				};
			};
			buildConfigurationList = 4CCE2B64270C7363008F3D41 /* Build configuration list for PBXProject "CustomNetflix" */;
			compatibilityVersion = "Xcode 9.3";
			developmentRegion = en;
			hasScannedForEncodings = 0;
			knownRegions = (
				en,
				Base,
			);
			mainGroup = 4CCE2B60270C7363008F3D41;
			packageReferences = (
				4C9EE2A9271567EE00741E50 /* XCRemoteSwiftPackageReference "Kingfisher" */,
			);
			productRefGroup = 4CCE2B6A270C7363008F3D41 /* Products */;
			projectDirPath = "";
			projectRoot = "";
			targets = (
				4CCE2B68270C7363008F3D41 /* CustomNetflix */,
				4CCE2B81270C7364008F3D41 /* CustomNetflixTests */,
				4CCE2B8C270C7364008F3D41 /* CustomNetflixUITests */,
			);
		};
/* End PBXProject section */

/* Begin PBXResourcesBuildPhase section */
		4CCE2B67270C7363008F3D41 /* Resources */ = {
			isa = PBXResourcesBuildPhase;
			buildActionMask = 2147483647;
			files = (
				4CCE2B7C270C7364008F3D41 /* LaunchScreen.storyboard in Resources */,
				4CCE2B79270C7364008F3D41 /* Assets.xcassets in Resources */,
				4CCE2B74270C7363008F3D41 /* Main.storyboard in Resources */,
			);
			runOnlyForDeploymentPostprocessing = 0;
		};
		4CCE2B80270C7364008F3D41 /* Resources */ = {
			isa = PBXResourcesBuildPhase;
			buildActionMask = 2147483647;
			files = (
			);
			runOnlyForDeploymentPostprocessing = 0;
		};
		4CCE2B8B270C7364008F3D41 /* Resources */ = {
			isa = PBXResourcesBuildPhase;
			buildActionMask = 2147483647;
			files = (
			);
			runOnlyForDeploymentPostprocessing = 0;
		};
/* End PBXResourcesBuildPhase section */

/* Begin PBXSourcesBuildPhase section */
		4CCE2B65270C7363008F3D41 /* Sources */ = {
			isa = PBXSourcesBuildPhase;
			buildActionMask = 2147483647;
			files = (
				4CED6C89270CAED50067E626 /* SearchViewController.swift in Sources */,
				4CCE2B71270C7363008F3D41 /* HomeViewController.swift in Sources */,
				4C9EE2A82714888A00741E50 /* SearchAPI.swift in Sources */,
				4CCE2B6D270C7363008F3D41 /* AppDelegate.swift in Sources */,
				4CCE2B6F270C7363008F3D41 /* SceneDelegate.swift in Sources */,
				4CCE2B77270C7363008F3D41 /* CustomNetflix.xcdatamodeld in Sources */,
			);
			runOnlyForDeploymentPostprocessing = 0;
		};
		4CCE2B7E270C7364008F3D41 /* Sources */ = {
			isa = PBXSourcesBuildPhase;
			buildActionMask = 2147483647;
			files = (
				4CCE2B87270C7364008F3D41 /* CustomNetflixTests.swift in Sources */,
			);
			runOnlyForDeploymentPostprocessing = 0;
		};
		4CCE2B89270C7364008F3D41 /* Sources */ = {
			isa = PBXSourcesBuildPhase;
			buildActionMask = 2147483647;
			files = (
				4CCE2B92270C7364008F3D41 /* CustomNetflixUITests.swift in Sources */,
			);
			runOnlyForDeploymentPostprocessing = 0;
		};
/* End PBXSourcesBuildPhase section */

/* Begin PBXTargetDependency section */
		4CCE2B84270C7364008F3D41 /* PBXTargetDependency */ = {
			isa = PBXTargetDependency;
			target = 4CCE2B68270C7363008F3D41 /* CustomNetflix */;
			targetProxy = 4CCE2B83270C7364008F3D41 /* PBXContainerItemProxy */;
		};
		4CCE2B8F270C7364008F3D41 /* PBXTargetDependency */ = {
			isa = PBXTargetDependency;
			target = 4CCE2B68270C7363008F3D41 /* CustomNetflix */;
			targetProxy = 4CCE2B8E270C7364008F3D41 /* PBXContainerItemProxy */;
		};
/* End PBXTargetDependency section */

/* Begin PBXVariantGroup section */
		4CCE2B72270C7363008F3D41 /* Main.storyboard */ = {
			isa = PBXVariantGroup;
			children = (
				4CCE2B73270C7363008F3D41 /* Base */,
			);
			name = Main.storyboard;
			sourceTree = "<group>";
		};
		4CCE2B7A270C7364008F3D41 /* LaunchScreen.storyboard */ = {
			isa = PBXVariantGroup;
			children = (
				4CCE2B7B270C7364008F3D41 /* Base */,
			);
			name = LaunchScreen.storyboard;
			sourceTree = "<group>";
		};
/* End PBXVariantGroup section */

/* Begin XCBuildConfiguration section */
		4CCE2B94270C7364008F3D41 /* Debug */ = {
			isa = XCBuildConfiguration;
			buildSettings = {
				ALWAYS_SEARCH_USER_PATHS = NO;
				CLANG_ANALYZER_NONNULL = YES;
				CLANG_ANALYZER_NUMBER_OBJECT_CONVERSION = YES_AGGRESSIVE;
				CLANG_CXX_LANGUAGE_STANDARD = "gnu++14";
				CLANG_CXX_LIBRARY = "libc++";
				CLANG_ENABLE_MODULES = YES;
				CLANG_ENABLE_OBJC_ARC = YES;
				CLANG_ENABLE_OBJC_WEAK = YES;
				CLANG_WARN_BLOCK_CAPTURE_AUTORELEASING = YES;
				CLANG_WARN_BOOL_CONVERSION = YES;
				CLANG_WARN_COMMA = YES;
				CLANG_WARN_CONSTANT_CONVERSION = YES;
				CLANG_WARN_DEPRECATED_OBJC_IMPLEMENTATIONS = YES;
				CLANG_WARN_DIRECT_OBJC_ISA_USAGE = YES_ERROR;
				CLANG_WARN_DOCUMENTATION_COMMENTS = YES;
				CLANG_WARN_EMPTY_BODY = YES;
				CLANG_WARN_ENUM_CONVERSION = YES;
				CLANG_WARN_INFINITE_RECURSION = YES;
				CLANG_WARN_INT_CONVERSION = YES;
				CLANG_WARN_NON_LITERAL_NULL_CONVERSION = YES;
				CLANG_WARN_OBJC_IMPLICIT_RETAIN_SELF = YES;
				CLANG_WARN_OBJC_LITERAL_CONVERSION = YES;
				CLANG_WARN_OBJC_ROOT_CLASS = YES_ERROR;
				CLANG_WARN_QUOTED_INCLUDE_IN_FRAMEWORK_HEADER = YES;
				CLANG_WARN_RANGE_LOOP_ANALYSIS = YES;
				CLANG_WARN_STRICT_PROTOTYPES = YES;
				CLANG_WARN_SUSPICIOUS_MOVE = YES;
				CLANG_WARN_UNGUARDED_AVAILABILITY = YES_AGGRESSIVE;
				CLANG_WARN_UNREACHABLE_CODE = YES;
				CLANG_WARN__DUPLICATE_METHOD_MATCH = YES;
				COPY_PHASE_STRIP = NO;
				DEBUG_INFORMATION_FORMAT = dwarf;
				ENABLE_STRICT_OBJC_MSGSEND = YES;
				ENABLE_TESTABILITY = YES;
				GCC_C_LANGUAGE_STANDARD = gnu11;
				GCC_DYNAMIC_NO_PIC = NO;
				GCC_NO_COMMON_BLOCKS = YES;
				GCC_OPTIMIZATION_LEVEL = 0;
				GCC_PREPROCESSOR_DEFINITIONS = (
					"DEBUG=1",
					"$(inherited)",
				);
				GCC_WARN_64_TO_32_BIT_CONVERSION = YES;
				GCC_WARN_ABOUT_RETURN_TYPE = YES_ERROR;
				GCC_WARN_UNDECLARED_SELECTOR = YES;
				GCC_WARN_UNINITIALIZED_AUTOS = YES_AGGRESSIVE;
				GCC_WARN_UNUSED_FUNCTION = YES;
				GCC_WARN_UNUSED_VARIABLE = YES;
				IPHONEOS_DEPLOYMENT_TARGET = 14.5;
				MTL_ENABLE_DEBUG_INFO = INCLUDE_SOURCE;
				MTL_FAST_MATH = YES;
				ONLY_ACTIVE_ARCH = YES;
				SDKROOT = iphoneos;
				SWIFT_ACTIVE_COMPILATION_CONDITIONS = DEBUG;
				SWIFT_OPTIMIZATION_LEVEL = "-Onone";
			};
			name = Debug;
		};
		4CCE2B95270C7364008F3D41 /* Release */ = {
			isa = XCBuildConfiguration;
			buildSettings = {
				ALWAYS_SEARCH_USER_PATHS = NO;
				CLANG_ANALYZER_NONNULL = YES;
				CLANG_ANALYZER_NUMBER_OBJECT_CONVERSION = YES_AGGRESSIVE;
				CLANG_CXX_LANGUAGE_STANDARD = "gnu++14";
				CLANG_CXX_LIBRARY = "libc++";
				CLANG_ENABLE_MODULES = YES;
				CLANG_ENABLE_OBJC_ARC = YES;
				CLANG_ENABLE_OBJC_WEAK = YES;
				CLANG_WARN_BLOCK_CAPTURE_AUTORELEASING = YES;
				CLANG_WARN_BOOL_CONVERSION = YES;
				CLANG_WARN_COMMA = YES;
				CLANG_WARN_CONSTANT_CONVERSION = YES;
				CLANG_WARN_DEPRECATED_OBJC_IMPLEMENTATIONS = YES;
				CLANG_WARN_DIRECT_OBJC_ISA_USAGE = YES_ERROR;
				CLANG_WARN_DOCUMENTATION_COMMENTS = YES;
				CLANG_WARN_EMPTY_BODY = YES;
				CLANG_WARN_ENUM_CONVERSION = YES;
				CLANG_WARN_INFINITE_RECURSION = YES;
				CLANG_WARN_INT_CONVERSION = YES;
				CLANG_WARN_NON_LITERAL_NULL_CONVERSION = YES;
				CLANG_WARN_OBJC_IMPLICIT_RETAIN_SELF = YES;
				CLANG_WARN_OBJC_LITERAL_CONVERSION = YES;
				CLANG_WARN_OBJC_ROOT_CLASS = YES_ERROR;
				CLANG_WARN_QUOTED_INCLUDE_IN_FRAMEWORK_HEADER = YES;
				CLANG_WARN_RANGE_LOOP_ANALYSIS = YES;
				CLANG_WARN_STRICT_PROTOTYPES = YES;
				CLANG_WARN_SUSPICIOUS_MOVE = YES;
				CLANG_WARN_UNGUARDED_AVAILABILITY = YES_AGGRESSIVE;
				CLANG_WARN_UNREACHABLE_CODE = YES;
				CLANG_WARN__DUPLICATE_METHOD_MATCH = YES;
				COPY_PHASE_STRIP = NO;
				DEBUG_INFORMATION_FORMAT = "dwarf-with-dsym";
				ENABLE_NS_ASSERTIONS = NO;
				ENABLE_STRICT_OBJC_MSGSEND = YES;
				GCC_C_LANGUAGE_STANDARD = gnu11;
				GCC_NO_COMMON_BLOCKS = YES;
				GCC_WARN_64_TO_32_BIT_CONVERSION = YES;
				GCC_WARN_ABOUT_RETURN_TYPE = YES_ERROR;
				GCC_WARN_UNDECLARED_SELECTOR = YES;
				GCC_WARN_UNINITIALIZED_AUTOS = YES_AGGRESSIVE;
				GCC_WARN_UNUSED_FUNCTION = YES;
				GCC_WARN_UNUSED_VARIABLE = YES;
				IPHONEOS_DEPLOYMENT_TARGET = 14.5;
				MTL_ENABLE_DEBUG_INFO = NO;
				MTL_FAST_MATH = YES;
				SDKROOT = iphoneos;
				SWIFT_COMPILATION_MODE = wholemodule;
				SWIFT_OPTIMIZATION_LEVEL = "-O";
				VALIDATE_PRODUCT = YES;
			};
			name = Release;
		};
		4CCE2B97270C7364008F3D41 /* Debug */ = {
			isa = XCBuildConfiguration;
			buildSettings = {
				ASSETCATALOG_COMPILER_APPICON_NAME = AppIcon;
				ASSETCATALOG_COMPILER_GLOBAL_ACCENT_COLOR_NAME = AccentColor;
				CODE_SIGN_STYLE = Automatic;
				DEVELOPMENT_TEAM = MJWMGRS9MY;
				INFOPLIST_FILE = CustomNetflix/Info.plist;
				LD_RUNPATH_SEARCH_PATHS = (
					"$(inherited)",
					"@executable_path/Frameworks",
				);
				PRODUCT_BUNDLE_IDENTIFIER = com.yongjin.CustomNetflix;
				PRODUCT_NAME = "$(TARGET_NAME)";
				SWIFT_VERSION = 5.0;
				TARGETED_DEVICE_FAMILY = "1,2";
			};
			name = Debug;
		};
		4CCE2B98270C7364008F3D41 /* Release */ = {
			isa = XCBuildConfiguration;
			buildSettings = {
				ASSETCATALOG_COMPILER_APPICON_NAME = AppIcon;
				ASSETCATALOG_COMPILER_GLOBAL_ACCENT_COLOR_NAME = AccentColor;
				CODE_SIGN_STYLE = Automatic;
				DEVELOPMENT_TEAM = MJWMGRS9MY;
				INFOPLIST_FILE = CustomNetflix/Info.plist;
				LD_RUNPATH_SEARCH_PATHS = (
					"$(inherited)",
					"@executable_path/Frameworks",
				);
				PRODUCT_BUNDLE_IDENTIFIER = com.yongjin.CustomNetflix;
				PRODUCT_NAME = "$(TARGET_NAME)";
				SWIFT_VERSION = 5.0;
				TARGETED_DEVICE_FAMILY = "1,2";
			};
			name = Release;
		};
		4CCE2B9A270C7364008F3D41 /* Debug */ = {
			isa = XCBuildConfiguration;
			buildSettings = {
				ALWAYS_EMBED_SWIFT_STANDARD_LIBRARIES = YES;
				BUNDLE_LOADER = "$(TEST_HOST)";
				CODE_SIGN_STYLE = Automatic;
				DEVELOPMENT_TEAM = MJWMGRS9MY;
				INFOPLIST_FILE = CustomNetflixTests/Info.plist;
				IPHONEOS_DEPLOYMENT_TARGET = 14.5;
				LD_RUNPATH_SEARCH_PATHS = (
					"$(inherited)",
					"@executable_path/Frameworks",
					"@loader_path/Frameworks",
				);
				PRODUCT_BUNDLE_IDENTIFIER = com.yongjin.CustomNetflixTests;
				PRODUCT_NAME = "$(TARGET_NAME)";
				SWIFT_VERSION = 5.0;
				TARGETED_DEVICE_FAMILY = "1,2";
				TEST_HOST = "$(BUILT_PRODUCTS_DIR)/CustomNetflix.app/CustomNetflix";
			};
			name = Debug;
		};
		4CCE2B9B270C7364008F3D41 /* Release */ = {
			isa = XCBuildConfiguration;
			buildSettings = {
				ALWAYS_EMBED_SWIFT_STANDARD_LIBRARIES = YES;
				BUNDLE_LOADER = "$(TEST_HOST)";
				CODE_SIGN_STYLE = Automatic;
				DEVELOPMENT_TEAM = MJWMGRS9MY;
				INFOPLIST_FILE = CustomNetflixTests/Info.plist;
				IPHONEOS_DEPLOYMENT_TARGET = 14.5;
				LD_RUNPATH_SEARCH_PATHS = (
					"$(inherited)",
					"@executable_path/Frameworks",
					"@loader_path/Frameworks",
				);
				PRODUCT_BUNDLE_IDENTIFIER = com.yongjin.CustomNetflixTests;
				PRODUCT_NAME = "$(TARGET_NAME)";
				SWIFT_VERSION = 5.0;
				TARGETED_DEVICE_FAMILY = "1,2";
				TEST_HOST = "$(BUILT_PRODUCTS_DIR)/CustomNetflix.app/CustomNetflix";
			};
			name = Release;
		};
		4CCE2B9D270C7364008F3D41 /* Debug */ = {
			isa = XCBuildConfiguration;
			buildSettings = {
				ALWAYS_EMBED_SWIFT_STANDARD_LIBRARIES = YES;
				CODE_SIGN_STYLE = Automatic;
				DEVELOPMENT_TEAM = MJWMGRS9MY;
				INFOPLIST_FILE = CustomNetflixUITests/Info.plist;
				LD_RUNPATH_SEARCH_PATHS = (
					"$(inherited)",
					"@executable_path/Frameworks",
					"@loader_path/Frameworks",
				);
				PRODUCT_BUNDLE_IDENTIFIER = com.yongjin.CustomNetflixUITests;
				PRODUCT_NAME = "$(TARGET_NAME)";
				SWIFT_VERSION = 5.0;
				TARGETED_DEVICE_FAMILY = "1,2";
				TEST_TARGET_NAME = CustomNetflix;
			};
			name = Debug;
		};
		4CCE2B9E270C7364008F3D41 /* Release */ = {
			isa = XCBuildConfiguration;
			buildSettings = {
				ALWAYS_EMBED_SWIFT_STANDARD_LIBRARIES = YES;
				CODE_SIGN_STYLE = Automatic;
				DEVELOPMENT_TEAM = MJWMGRS9MY;
				INFOPLIST_FILE = CustomNetflixUITests/Info.plist;
				LD_RUNPATH_SEARCH_PATHS = (
					"$(inherited)",
					"@executable_path/Frameworks",
					"@loader_path/Frameworks",
				);
				PRODUCT_BUNDLE_IDENTIFIER = com.yongjin.CustomNetflixUITests;
				PRODUCT_NAME = "$(TARGET_NAME)";
				SWIFT_VERSION = 5.0;
				TARGETED_DEVICE_FAMILY = "1,2";
				TEST_TARGET_NAME = CustomNetflix;
			};
			name = Release;
		};
/* End XCBuildConfiguration section */

/* Begin XCConfigurationList section */
		4CCE2B64270C7363008F3D41 /* Build configuration list for PBXProject "CustomNetflix" */ = {
			isa = XCConfigurationList;
			buildConfigurations = (
				4CCE2B94270C7364008F3D41 /* Debug */,
				4CCE2B95270C7364008F3D41 /* Release */,
			);
			defaultConfigurationIsVisible = 0;
			defaultConfigurationName = Release;
		};
		4CCE2B96270C7364008F3D41 /* Build configuration list for PBXNativeTarget "CustomNetflix" */ = {
			isa = XCConfigurationList;
			buildConfigurations = (
				4CCE2B97270C7364008F3D41 /* Debug */,
				4CCE2B98270C7364008F3D41 /* Release */,
			);
			defaultConfigurationIsVisible = 0;
			defaultConfigurationName = Release;
		};
		4CCE2B99270C7364008F3D41 /* Build configuration list for PBXNativeTarget "CustomNetflixTests" */ = {
			isa = XCConfigurationList;
			buildConfigurations = (
				4CCE2B9A270C7364008F3D41 /* Debug */,
				4CCE2B9B270C7364008F3D41 /* Release */,
			);
			defaultConfigurationIsVisible = 0;
			defaultConfigurationName = Release;
		};
		4CCE2B9C270C7364008F3D41 /* Build configuration list for PBXNativeTarget "CustomNetflixUITests" */ = {
			isa = XCConfigurationList;
			buildConfigurations = (
				4CCE2B9D270C7364008F3D41 /* Debug */,
				4CCE2B9E270C7364008F3D41 /* Release */,
			);
			defaultConfigurationIsVisible = 0;
			defaultConfigurationName = Release;
		};
/* End XCConfigurationList section */

/* Begin XCRemoteSwiftPackageReference section */
		4C9EE2A9271567EE00741E50 /* XCRemoteSwiftPackageReference "Kingfisher" */ = {
			isa = XCRemoteSwiftPackageReference;
			repositoryURL = "https://github.com/onevcat/Kingfisher.git";
			requirement = {
				kind = upToNextMajorVersion;
				minimumVersion = 7.1.0;
			};
		};
/* End XCRemoteSwiftPackageReference section */

/* Begin XCSwiftPackageProductDependency section */
		4C9EE2AA271567EE00741E50 /* Kingfisher */ = {
			isa = XCSwiftPackageProductDependency;
			package = 4C9EE2A9271567EE00741E50 /* XCRemoteSwiftPackageReference "Kingfisher" */;
			productName = Kingfisher;
		};
/* End XCSwiftPackageProductDependency section */

/* Begin XCVersionGroup section */
		4CCE2B75270C7363008F3D41 /* CustomNetflix.xcdatamodeld */ = {
			isa = XCVersionGroup;
			children = (
				4CCE2B76270C7363008F3D41 /* CustomNetflix.xcdatamodel */,
			);
			currentVersion = 4CCE2B76270C7363008F3D41 /* CustomNetflix.xcdatamodel */;
			path = CustomNetflix.xcdatamodeld;
			sourceTree = "<group>";
			versionGroupType = wrapper.xcdatamodel;
		};
/* End XCVersionGroup section */
	};
	rootObject = 4CCE2B61270C7363008F3D41 /* Project object */;
}
